
Microsoft Visual Studio Solution File, Format Version 11.00
# Visual Studio 2010
Project("{FAE04EC0-301F-11D3-BF4B-00C04F79EFBC}") = "Gigamud", "Gigamud\Gigamud.csproj", "{8D4B71B9-2A37-455D-B2BE-E7F1EA637409}"
EndProject
Project("{FAE04EC0-301F-11D3-BF4B-00C04F79EFBC}") = "Gigamud.Web", "Gigamud.Web\Gigamud.Web.csproj", "{73D35ECA-863F-47C0-B291-5C0DA93306A0}"
EndProject
Global
	GlobalSection(SubversionScc) = preSolution
		Svn-Managed = True
		Manager = AnkhSVN - Subversion Support for Visual Studio
	EndGlobalSection
	GlobalSection(SolutionConfigurationPlatforms) = preSolution
		Debug|Any CPU = Debug|Any CPU
		Release|Any CPU = Release|Any CPU
	EndGlobalSection
	GlobalSection(ProjectConfigurationPlatforms) = postSolution
		{8D4B71B9-2A37-455D-B2BE-E7F1EA637409}.Debug|Any CPU.ActiveCfg = Debug|Any CPU
		{8D4B71B9-2A37-455D-B2BE-E7F1EA637409}.Debug|Any CPU.Build.0 = Debug|Any CPU
		{8D4B71B9-2A37-455D-B2BE-E7F1EA637409}.Release|Any CPU.ActiveCfg = Release|Any CPU
		{8D4B71B9-2A37-455D-B2BE-E7F1EA637409}.Release|Any CPU.Build.0 = Release|Any CPU
		{73D35ECA-863F-47C0-B291-5C0DA93306A0}.Debug|Any CPU.ActiveCfg = Debug|Any CPU
		{73D35ECA-863F-47C0-B291-5C0DA93306A0}.Debug|Any CPU.Build.0 = Debug|Any CPU
		{73D35ECA-863F-47C0-B291-5C0DA93306A0}.Release|Any CPU.ActiveCfg = Release|Any CPU
		{73D35ECA-863F-47C0-B291-5C0DA93306A0}.Release|Any CPU.Build.0 = Release|Any CPU
	EndGlobalSection
	GlobalSection(SolutionProperties) = preSolution
		HideSolutionNode = FALSE
	EndGlobalSection
EndGlobal
